{
  "name": "pcwm",
  "version": "0.0.2",
  "lockfileVersion": 1,
  "requires": true,
  "dependencies": {
    "eslint-plugin-chai-friendly": {
      "version": "0.4.1",
      "resolved": "https://nexus.map.mandiant.com/content/groups/npm-all/eslint-plugin-chai-friendly/-/eslint-plugin-chai-friendly-0.4.1.tgz",
      "integrity": "sha512-hkpLN7VVoGGsofZjUhcQ+sufC3FgqMJwD0DvAcRfxY1tVRyQyVsqpaKnToPHJQOrRo0FQ0fSEDwW2gr4rsNdGA==",
      "dev": true
    }
  }
}
